
Microsoft Visual Studio Solution File, Format Version 12.00
# Visual Studio Version 17
VisualStudioVersion = 17.0.32112.339
MinimumVisualStudioVersion = 10.0.40219.1
Project("{FAE04EC0-301F-11D3-BF4B-00C04F79EFBC}") = "ProjetoSegundoSemestre", "ProjetoSegundoSemestre\ProjetoSegundoSemestre.csproj", "{B523C411-68CA-4A55-BA2A-337D34372AF2}"
EndProject
Global
	GlobalSection(SolutionConfigurationPlatforms) = preSolution
		Debug|Any CPU = Debug|Any CPU
		Release|Any CPU = Release|Any CPU
	EndGlobalSection
	GlobalSection(ProjectConfigurationPlatforms) = postSolution
		{B523C411-68CA-4A55-BA2A-337D34372AF2}.Debug|Any CPU.ActiveCfg = Debug|Any CPU
		{B523C411-68CA-4A55-BA2A-337D34372AF2}.Debug|Any CPU.Build.0 = Debug|Any CPU
		{B523C411-68CA-4A55-BA2A-337D34372AF2}.Release|Any CPU.ActiveCfg = Release|Any CPU
		{B523C411-68CA-4A55-BA2A-337D34372AF2}.Release|Any CPU.Build.0 = Release|Any CPU
	EndGlobalSection
	GlobalSection(SolutionProperties) = preSolution
		HideSolutionNode = FALSE
	EndGlobalSection
	GlobalSection(ExtensibilityGlobals) = postSolution
		SolutionGuid = {BA7FB289-5A4A-4E01-A851-27C01AF79F9B}
	EndGlobalSection
EndGlobal
